
Microsoft Visual Studio Solution File, Format Version 12.00
# Visual Studio 14
VisualStudioVersion = 14.0.25420.1
MinimumVisualStudioVersion = 10.0.40219.1
Project("{FAE04EC0-301F-11D3-BF4B-00C04F79EFBC}") = "SmartSSO.Passport", "SmartSSO.Passport\SmartSSO.Passport.csproj", "{32CF8408-01BC-4C17-82FC-AFCB5AFDAEA5}"
EndProject
Project("{FAE04EC0-301F-11D3-BF4B-00C04F79EFBC}") = "SmartSSO.Client.B", "SmartSSO.Client.B\SmartSSO.Client.B.csproj", "{E0EE83BC-BA0E-4C90-8413-1F3EEC0A56ED}"
EndProject
Project("{FAE04EC0-301F-11D3-BF4B-00C04F79EFBC}") = "SmartSSO.Client.A", "SmartSSO.Client\SmartSSO.Client.A.csproj", "{E9E93F54-BE3D-4831-8C7A-0AEDECE901A2}"
EndProject
Global
	GlobalSection(SolutionConfigurationPlatforms) = preSolution
		Debug|Any CPU = Debug|Any CPU
		Release|Any CPU = Release|Any CPU
	EndGlobalSection
	GlobalSection(ProjectConfigurationPlatforms) = postSolution
		{32CF8408-01BC-4C17-82FC-AFCB5AFDAEA5}.Debug|Any CPU.ActiveCfg = Debug|Any CPU
		{32CF8408-01BC-4C17-82FC-AFCB5AFDAEA5}.Debug|Any CPU.Build.0 = Debug|Any CPU
		{32CF8408-01BC-4C17-82FC-AFCB5AFDAEA5}.Release|Any CPU.ActiveCfg = Release|Any CPU
		{32CF8408-01BC-4C17-82FC-AFCB5AFDAEA5}.Release|Any CPU.Build.0 = Release|Any CPU
		{E0EE83BC-BA0E-4C90-8413-1F3EEC0A56ED}.Debug|Any CPU.ActiveCfg = Debug|Any CPU
		{E0EE83BC-BA0E-4C90-8413-1F3EEC0A56ED}.Debug|Any CPU.Build.0 = Debug|Any CPU
		{E0EE83BC-BA0E-4C90-8413-1F3EEC0A56ED}.Release|Any CPU.ActiveCfg = Release|Any CPU
		{E0EE83BC-BA0E-4C90-8413-1F3EEC0A56ED}.Release|Any CPU.Build.0 = Release|Any CPU
		{E9E93F54-BE3D-4831-8C7A-0AEDECE901A2}.Debug|Any CPU.ActiveCfg = Debug|Any CPU
		{E9E93F54-BE3D-4831-8C7A-0AEDECE901A2}.Debug|Any CPU.Build.0 = Debug|Any CPU
		{E9E93F54-BE3D-4831-8C7A-0AEDECE901A2}.Release|Any CPU.ActiveCfg = Release|Any CPU
		{E9E93F54-BE3D-4831-8C7A-0AEDECE901A2}.Release|Any CPU.Build.0 = Release|Any CPU
	EndGlobalSection
	GlobalSection(SolutionProperties) = preSolution
		HideSolutionNode = FALSE
	EndGlobalSection
EndGlobal
